// !$*UTF8*$!
{
	archiveVersion = 1;
	classes = {
	};
	objectVersion = 50;
	objects = {

/* Begin PBXBuildFile section */
		188AD618219559110075A318 /* AppDelegate.swift in Sources */ = {isa = PBXBuildFile; fileRef = 188AD617219559110075A318 /* AppDelegate.swift */; };
		188AD61A219559110075A318 /* ViewController.swift in Sources */ = {isa = PBXBuildFile; fileRef = 188AD619219559110075A318 /* ViewController.swift */; };
		188AD61D219559110075A318 /* Main.storyboard in Resources */ = {isa = PBXBuildFile; fileRef = 188AD61B219559110075A318 /* Main.storyboard */; };
		188AD61F219559130075A318 /* Assets.xcassets in Resources */ = {isa = PBXBuildFile; fileRef = 188AD61E219559130075A318 /* Assets.xcassets */; };
		188AD622219559130075A318 /* LaunchScreen.storyboard in Resources */ = {isa = PBXBuildFile; fileRef = 188AD620219559130075A318 /* LaunchScreen.storyboard */; };
		18996CE321AE43710081B3BA /* SecondView.swift in Sources */ = {isa = PBXBuildFile; fileRef = 18996CE221AE43710081B3BA /* SecondView.swift */; };
		18A85FA521B0D315008EA3F9 /* mapViewController.swift in Sources */ = {isa = PBXBuildFile; fileRef = 18A85FA421B0D315008EA3F9 /* mapViewController.swift */; };
		18A85FA721B0D4B0008EA3F9 /* puntosEstrategicos.swift in Sources */ = {isa = PBXBuildFile; fileRef = 18A85FA621B0D4B0008EA3F9 /* puntosEstrategicos.swift */; };
		18A85FA921B0D4C3008EA3F9 /* puntosRutas.swift in Sources */ = {isa = PBXBuildFile; fileRef = 18A85FA821B0D4C3008EA3F9 /* puntosRutas.swift */; };
		18C96DF12196A1DB0038C3BB /* PageViewController.swift in Sources */ = {isa = PBXBuildFile; fileRef = 18C96DF02196A1DB0038C3BB /* PageViewController.swift */; };
/* End PBXBuildFile section */

/* Begin PBXFileReference section */
		188AD614219559110075A318 /* Puma.app */ = {isa = PBXFileReference; explicitFileType = wrapper.application; includeInIndex = 0; path = Puma.app; sourceTree = BUILT_PRODUCTS_DIR; };
		188AD617219559110075A318 /* AppDelegate.swift */ = {isa = PBXFileReference; lastKnownFileType = sourcecode.swift; path = AppDelegate.swift; sourceTree = "<group>"; };
		188AD619219559110075A318 /* ViewController.swift */ = {isa = PBXFileReference; lastKnownFileType = sourcecode.swift; path = ViewController.swift; sourceTree = "<group>"; };
		188AD61C219559110075A318 /* Base */ = {isa = PBXFileReference; lastKnownFileType = file.storyboard; name = Base; path = Base.lproj/Main.storyboard; sourceTree = "<group>"; };
		188AD61E219559130075A318 /* Assets.xcassets */ = {isa = PBXFileReference; lastKnownFileType = folder.assetcatalog; path = Assets.xcassets; sourceTree = "<group>"; };
		188AD621219559130075A318 /* Base */ = {isa = PBXFileReference; lastKnownFileType = file.storyboard; name = Base; path = Base.lproj/LaunchScreen.storyboard; sourceTree = "<group>"; };
		188AD623219559130075A318 /* Info.plist */ = {isa = PBXFileReference; lastKnownFileType = text.plist.xml; path = Info.plist; sourceTree = "<group>"; };
		18996CE221AE43710081B3BA /* SecondView.swift */ = {isa = PBXFileReference; lastKnownFileType = sourcecode.swift; path = SecondView.swift; sourceTree = "<group>"; };
		18A85FA421B0D315008EA3F9 /* mapViewController.swift */ = {isa = PBXFileReference; lastKnownFileType = sourcecode.swift; path = mapViewController.swift; sourceTree = "<group>"; };
		18A85FA621B0D4B0008EA3F9 /* puntosEstrategicos.swift */ = {isa = PBXFileReference; lastKnownFileType = sourcecode.swift; path = puntosEstrategicos.swift; sourceTree = "<group>"; };
		18A85FA821B0D4C3008EA3F9 /* puntosRutas.swift */ = {isa = PBXFileReference; lastKnownFileType = sourcecode.swift; path = puntosRutas.swift; sourceTree = "<group>"; };
		18C96DF02196A1DB0038C3BB /* PageViewController.swift */ = {isa = PBXFileReference; lastKnownFileType = sourcecode.swift; path = PageViewController.swift; sourceTree = "<group>"; };
/* End PBXFileReference section */

/* Begin PBXFrameworksBuildPhase section */
		188AD611219559110075A318 /* Frameworks */ = {
			isa = PBXFrameworksBuildPhase;
			buildActionMask = 2147483647;
			files = (
			);
			runOnlyForDeploymentPostprocessing = 0;
		};
/* End PBXFrameworksBuildPhase section */

/* Begin PBXGroup section */
		188AD60B219559110075A318 = {
			isa = PBXGroup;
			children = (
				188AD616219559110075A318 /* Puma */,
				188AD615219559110075A318 /* Products */,
			);
			sourceTree = "<group>";
		};
		188AD615219559110075A318 /* Products */ = {
			isa = PBXGroup;
			children = (
				188AD614219559110075A318 /* Puma.app */,
			);
			name = Products;
			sourceTree = "<group>";
		};
		188AD616219559110075A318 /* Puma */ = {
			isa = PBXGroup;
			children = (
				188AD617219559110075A318 /* AppDelegate.swift */,
				188AD61B219559110075A318 /* Main.storyboard */,
				188AD61E219559130075A318 /* Assets.xcassets */,
				188AD620219559130075A318 /* LaunchScreen.storyboard */,
				188AD623219559130075A318 /* Info.plist */,
				188AD619219559110075A318 /* ViewController.swift */,
				18996CE221AE43710081B3BA /* SecondView.swift */,
				18C96DF02196A1DB0038C3BB /* PageViewController.swift */,
				18A85FA421B0D315008EA3F9 /* mapViewController.swift */,
				18A85FA621B0D4B0008EA3F9 /* puntosEstrategicos.swift */,
				18A85FA821B0D4C3008EA3F9 /* puntosRutas.swift */,
			);
			path = Puma;
			sourceTree = "<group>";
		};
/* End PBXGroup section */

/* Begin PBXNativeTarget section */
		188AD613219559110075A318 /* Puma */ = {
			isa = PBXNativeTarget;
			buildConfigurationList = 188AD626219559130075A318 /* Build configuration list for PBXNativeTarget "Puma" */;
			buildPhases = (
				188AD610219559110075A318 /* Sources */,
				188AD611219559110075A318 /* Frameworks */,
				188AD612219559110075A318 /* Resources */,
			);
			buildRules = (
			);
			dependencies = (
			);
			name = Puma;
			productName = Puma;
			productReference = 188AD614219559110075A318 /* Puma.app */;
			productType = "com.apple.product-type.application";
		};
/* End PBXNativeTarget section */

/* Begin PBXProject section */
		188AD60C219559110075A318 /* Project object */ = {
			isa = PBXProject;
			attributes = {
				LastSwiftUpdateCheck = 1010;
				LastUpgradeCheck = 1010;
				ORGANIZATIONNAME = "Andres Lopez";
				TargetAttributes = {
					188AD613219559110075A318 = {
						CreatedOnToolsVersion = 10.1;
					};
				};
			};
			buildConfigurationList = 188AD60F219559110075A318 /* Build configuration list for PBXProject "Puma" */;
			compatibilityVersion = "Xcode 9.3";
			developmentRegion = en;
			hasScannedForEncodings = 0;
			knownRegions = (
				en,
				Base,
			);
			mainGroup = 188AD60B219559110075A318;
			productRefGroup = 188AD615219559110075A318 /* Products */;
			projectDirPath = "";
			projectRoot = "";
			targets = (
				188AD613219559110075A318 /* Puma */,
			);
		};
/* End PBXProject section */

/* Begin PBXResourcesBuildPhase section */
		188AD612219559110075A318 /* Resources */ = {
			isa = PBXResourcesBuildPhase;
			buildActionMask = 2147483647;
			files = (
				188AD622219559130075A318 /* LaunchScreen.storyboard in Resources */,
				188AD61F219559130075A318 /* Assets.xcassets in Resources */,
				188AD61D219559110075A318 /* Main.storyboard in Resources */,
			);
			runOnlyForDeploymentPostprocessing = 0;
		};
/* End PBXResourcesBuildPhase section */

/* Begin PBXSourcesBuildPhase section */
		188AD610219559110075A318 /* Sources */ = {
			isa = PBXSourcesBuildPhase;
			buildActionMask = 2147483647;
			files = (
				18C96DF12196A1DB0038C3BB /* PageViewController.swift in Sources */,
				188AD61A219559110075A318 /* ViewController.swift in Sources */,
				18A85FA521B0D315008EA3F9 /* mapViewController.swift in Sources */,
				18A85FA921B0D4C3008EA3F9 /* puntosRutas.swift in Sources */,
				18996CE321AE43710081B3BA /* SecondView.swift in Sources */,
				188AD618219559110075A318 /* AppDelegate.swift in Sources */,
				18A85FA721B0D4B0008EA3F9 /* puntosEstrategicos.swift in Sources */,
			);
			runOnlyForDeploymentPostprocessing = 0;
		};
/* End PBXSourcesBuildPhase section */

/* Begin PBXVariantGroup section */
		188AD61B219559110075A318 /* Main.storyboard */ = {
			isa = PBXVariantGroup;
			children = (
				188AD61C219559110075A318 /* Base */,
			);
			name = Main.storyboard;
			sourceTree = "<group>";
		};
		188AD620219559130075A318 /* LaunchScreen.storyboard */ = {
			isa = PBXVariantGroup;
			children = (
				188AD621219559130075A318 /* Base */,
			);
			name = LaunchScreen.storyboard;
			sourceTree = "<group>";
		};
/* End PBXVariantGroup section */

/* Begin XCBuildConfiguration section */
		188AD624219559130075A318 /* Debug */ = {
			isa = XCBuildConfiguration;
			buildSettings = {
				ALWAYS_SEARCH_USER_PATHS = NO;
				CLANG_ANALYZER_NONNULL = YES;
				CLANG_ANALYZER_NUMBER_OBJECT_CONVERSION = YES_AGGRESSIVE;
				CLANG_CXX_LANGUAGE_STANDARD = "gnu++14";
				CLANG_CXX_LIBRARY = "libc++";
				CLANG_ENABLE_MODULES = YES;
				CLANG_ENABLE_OBJC_ARC = YES;
				CLANG_ENABLE_OBJC_WEAK = YES;
				CLANG_WARN_BLOCK_CAPTURE_AUTORELEASING = YES;
				CLANG_WARN_BOOL_CONVERSION = YES;
				CLANG_WARN_COMMA = YES;
				CLANG_WARN_CONSTANT_CONVERSION = YES;
				CLANG_WARN_DEPRECATED_OBJC_IMPLEMENTATIONS = YES;
				CLANG_WARN_DIRECT_OBJC_ISA_USAGE = YES_ERROR;
				CLANG_WARN_DOCUMENTATION_COMMENTS = YES;
				CLANG_WARN_EMPTY_BODY = YES;
				CLANG_WARN_ENUM_CONVERSION = YES;
				CLANG_WARN_INFINITE_RECURSION = YES;
				CLANG_WARN_INT_CONVERSION = YES;
				CLANG_WARN_NON_LITERAL_NULL_CONVERSION = YES;
				CLANG_WARN_OBJC_IMPLICIT_RETAIN_SELF = YES;
				CLANG_WARN_OBJC_LITERAL_CONVERSION = YES;
				CLANG_WARN_OBJC_ROOT_CLASS = YES_ERROR;
				CLANG_WARN_RANGE_LOOP_ANALYSIS = YES;
				CLANG_WARN_STRICT_PROTOTYPES = YES;
				CLANG_WARN_SUSPICIOUS_MOVE = YES;
				CLANG_WARN_UNGUARDED_AVAILABILITY = YES_AGGRESSIVE;
				CLANG_WARN_UNREACHABLE_CODE = YES;
				CLANG_WARN__DUPLICATE_METHOD_MATCH = YES;
				CODE_SIGN_IDENTITY = "iPhone Developer";
				COPY_PHASE_STRIP = NO;
				DEBUG_INFORMATION_FORMAT = dwarf;
				ENABLE_STRICT_OBJC_MSGSEND = YES;
				ENABLE_TESTABILITY = YES;
				GCC_C_LANGUAGE_STANDARD = gnu11;
				GCC_DYNAMIC_NO_PIC = NO;
				GCC_NO_COMMON_BLOCKS = YES;
				GCC_OPTIMIZATION_LEVEL = 0;
				GCC_PREPROCESSOR_DEFINITIONS = (
					"DEBUG=1",
					"$(inherited)",
				);
				GCC_WARN_64_TO_32_BIT_CONVERSION = YES;
				GCC_WARN_ABOUT_RETURN_TYPE = YES_ERROR;
				GCC_WARN_UNDECLARED_SELECTOR = YES;
				GCC_WARN_UNINITIALIZED_AUTOS = YES_AGGRESSIVE;
				GCC_WARN_UNUSED_FUNCTION = YES;
				GCC_WARN_UNUSED_VARIABLE = YES;
				IPHONEOS_DEPLOYMENT_TARGET = 12.1;
				MTL_ENABLE_DEBUG_INFO = INCLUDE_SOURCE;
				MTL_FAST_MATH = YES;
				ONLY_ACTIVE_ARCH = YES;
				SDKROOT = iphoneos;
				SWIFT_ACTIVE_COMPILATION_CONDITIONS = DEBUG;
				SWIFT_OPTIMIZATION_LEVEL = "-Onone";
			};
			name = Debug;
		};
		188AD625219559130075A318 /* Release */ = {
			isa = XCBuildConfiguration;
			buildSettings = {
				ALWAYS_SEARCH_USER_PATHS = NO;
				CLANG_ANALYZER_NONNULL = YES;
				CLANG_ANALYZER_NUMBER_OBJECT_CONVERSION = YES_AGGRESSIVE;
				CLANG_CXX_LANGUAGE_STANDARD = "gnu++14";
				CLANG_CXX_LIBRARY = "libc++";
				CLANG_ENABLE_MODULES = YES;
				CLANG_ENABLE_OBJC_ARC = YES;
				CLANG_ENABLE_OBJC_WEAK = YES;
				CLANG_WARN_BLOCK_CAPTURE_AUTORELEASING = YES;
				CLANG_WARN_BOOL_CONVERSION = YES;
				CLANG_WARN_COMMA = YES;
				CLANG_WARN_CONSTANT_CONVERSION = YES;
				CLANG_WARN_DEPRECATED_OBJC_IMPLEMENTATIONS = YES;
				CLANG_WARN_DIRECT_OBJC_ISA_USAGE = YES_ERROR;
				CLANG_WARN_DOCUMENTATION_COMMENTS = YES;
				CLANG_WARN_EMPTY_BODY = YES;
				CLANG_WARN_ENUM_CONVERSION = YES;
				CLANG_WARN_INFINITE_RECURSION = YES;
				CLANG_WARN_INT_CONVERSION = YES;
				CLANG_WARN_NON_LITERAL_NULL_CONVERSION = YES;
				CLANG_WARN_OBJC_IMPLICIT_RETAIN_SELF = YES;
				CLANG_WARN_OBJC_LITERAL_CONVERSION = YES;
				CLANG_WARN_OBJC_ROOT_CLASS = YES_ERROR;
				CLANG_WARN_RANGE_LOOP_ANALYSIS = YES;
				CLANG_WARN_STRICT_PROTOTYPES = YES;
				CLANG_WARN_SUSPICIOUS_MOVE = YES;
				CLANG_WARN_UNGUARDED_AVAILABILITY = YES_AGGRESSIVE;
				CLANG_WARN_UNREACHABLE_CODE = YES;
				CLANG_WARN__DUPLICATE_METHOD_MATCH = YES;
				CODE_SIGN_IDENTITY = "iPhone Developer";
				COPY_PHASE_STRIP = NO;
				DEBUG_INFORMATION_FORMAT = "dwarf-with-dsym";
				ENABLE_NS_ASSERTIONS = NO;
				ENABLE_STRICT_OBJC_MSGSEND = YES;
				GCC_C_LANGUAGE_STANDARD = gnu11;
				GCC_NO_COMMON_BLOCKS = YES;
				GCC_WARN_64_TO_32_BIT_CONVERSION = YES;
				GCC_WARN_ABOUT_RETURN_TYPE = YES_ERROR;
				GCC_WARN_UNDECLARED_SELECTOR = YES;
				GCC_WARN_UNINITIALIZED_AUTOS = YES_AGGRESSIVE;
				GCC_WARN_UNUSED_FUNCTION = YES;
				GCC_WARN_UNUSED_VARIABLE = YES;
				IPHONEOS_DEPLOYMENT_TARGET = 12.1;
				MTL_ENABLE_DEBUG_INFO = NO;
				MTL_FAST_MATH = YES;
				SDKROOT = iphoneos;
				SWIFT_COMPILATION_MODE = wholemodule;
				SWIFT_OPTIMIZATION_LEVEL = "-O";
				VALIDATE_PRODUCT = YES;
			};
			name = Release;
		};
		188AD627219559130075A318 /* Debug */ = {
			isa = XCBuildConfiguration;
			buildSettings = {
				ASSETCATALOG_COMPILER_APPICON_NAME = AppIcon;
				CODE_SIGN_STYLE = Automatic;
				DEVELOPMENT_TEAM = BBP2SY6AFY;
				INFOPLIST_FILE = Puma/Info.plist;
				LD_RUNPATH_SEARCH_PATHS = (
					"$(inherited)",
					"@executable_path/Frameworks",
				);
				PRODUCT_BUNDLE_IDENTIFIER = com.LopezAndres.Puma;
				PRODUCT_NAME = "$(TARGET_NAME)";
				SWIFT_VERSION = 4.2;
				TARGETED_DEVICE_FAMILY = "1,2";
			};
			name = Debug;
		};
		188AD628219559130075A318 /* Release */ = {
			isa = XCBuildConfiguration;
			buildSettings = {
				ASSETCATALOG_COMPILER_APPICON_NAME = AppIcon;
				CODE_SIGN_STYLE = Automatic;
				DEVELOPMENT_TEAM = BBP2SY6AFY;
				INFOPLIST_FILE = Puma/Info.plist;
				LD_RUNPATH_SEARCH_PATHS = (
					"$(inherited)",
					"@executable_path/Frameworks",
				);
				PRODUCT_BUNDLE_IDENTIFIER = com.LopezAndres.Puma;
				PRODUCT_NAME = "$(TARGET_NAME)";
				SWIFT_VERSION = 4.2;
				TARGETED_DEVICE_FAMILY = "1,2";
			};
			name = Release;
		};
/* End XCBuildConfiguration section */

/* Begin XCConfigurationList section */
		188AD60F219559110075A318 /* Build configuration list for PBXProject "Puma" */ = {
			isa = XCConfigurationList;
			buildConfigurations = (
				188AD624219559130075A318 /* Debug */,
				188AD625219559130075A318 /* Release */,
			);
			defaultConfigurationIsVisible = 0;
			defaultConfigurationName = Release;
		};
		188AD626219559130075A318 /* Build configuration list for PBXNativeTarget "Puma" */ = {
			isa = XCConfigurationList;
			buildConfigurations = (
				188AD627219559130075A318 /* Debug */,
				188AD628219559130075A318 /* Release */,
			);
			defaultConfigurationIsVisible = 0;
			defaultConfigurationName = Release;
		};
/* End XCConfigurationList section */
	};
	rootObject = 188AD60C219559110075A318 /* Project object */;
}
